
Microsoft Visual Studio Solution File, Format Version 12.00
# Visual Studio Version 17
VisualStudioVersion = 17.9.34622.214
MinimumVisualStudioVersion = 10.0.40219.1
Project("{FAE04EC0-301F-11D3-BF4B-00C04F79EFBC}") = "ProyectoFinalDAM", "ProyectoFinalDAM\ProyectoFinalDAM.csproj", "{76B72DB9-2220-4FEC-A7E5-29A23491314C}"
EndProject
Global
	GlobalSection(SolutionConfigurationPlatforms) = preSolution
		Debug|Any CPU = Debug|Any CPU
		Release|Any CPU = Release|Any CPU
	EndGlobalSection
	GlobalSection(ProjectConfigurationPlatforms) = postSolution
		{76B72DB9-2220-4FEC-A7E5-29A23491314C}.Debug|Any CPU.ActiveCfg = Debug|Any CPU
		{76B72DB9-2220-4FEC-A7E5-29A23491314C}.Debug|Any CPU.Build.0 = Debug|Any CPU
		{76B72DB9-2220-4FEC-A7E5-29A23491314C}.Debug|Any CPU.Deploy.0 = Debug|Any CPU
		{76B72DB9-2220-4FEC-A7E5-29A23491314C}.Release|Any CPU.ActiveCfg = Release|Any CPU
		{76B72DB9-2220-4FEC-A7E5-29A23491314C}.Release|Any CPU.Build.0 = Release|Any CPU
		{76B72DB9-2220-4FEC-A7E5-29A23491314C}.Release|Any CPU.Deploy.0 = Release|Any CPU
	EndGlobalSection
	GlobalSection(SolutionProperties) = preSolution
		HideSolutionNode = FALSE
	EndGlobalSection
	GlobalSection(ExtensibilityGlobals) = postSolution
		SolutionGuid = {CFE35E3F-BF5D-46CB-A45E-035BEBE9362D}
	EndGlobalSection
EndGlobal
